
Microsoft Visual Studio Solution File, Format Version 12.00
# Visual Studio 15
VisualStudioVersion = 15.0.28307.645
MinimumVisualStudioVersion = 10.0.40219.1
Project("{FAE04EC0-301F-11D3-BF4B-00C04F79EFBC}") = "GitExamples", "GitExamples.csproj", "{79463DD4-7D36-48FF-BEC1-ED91B8F95CDD}"
EndProject
Global
	GlobalSection(SolutionConfigurationPlatforms) = preSolution
		Debug|Any CPU = Debug|Any CPU
		Release|Any CPU = Release|Any CPU
	EndGlobalSection
	GlobalSection(ProjectConfigurationPlatforms) = postSolution
		{79463DD4-7D36-48FF-BEC1-ED91B8F95CDD}.Debug|Any CPU.ActiveCfg = Debug|Any CPU
		{79463DD4-7D36-48FF-BEC1-ED91B8F95CDD}.Debug|Any CPU.Build.0 = Debug|Any CPU
		{79463DD4-7D36-48FF-BEC1-ED91B8F95CDD}.Release|Any CPU.ActiveCfg = Release|Any CPU
		{79463DD4-7D36-48FF-BEC1-ED91B8F95CDD}.Release|Any CPU.Build.0 = Release|Any CPU
	EndGlobalSection
	GlobalSection(SolutionProperties) = preSolution
		HideSolutionNode = FALSE
	EndGlobalSection
	GlobalSection(ExtensibilityGlobals) = postSolution
		SolutionGuid = {58D8C7FC-3A46-4499-ADE4-51CB5D177B8B}
	EndGlobalSection
EndGlobal
